
Microsoft Visual Studio Solution File, Format Version 12.00
# Visual Studio Version 17
VisualStudioVersion = 17.11.35222.181
MinimumVisualStudioVersion = 10.0.40219.1
Project("{FAE04EC0-301F-11D3-BF4B-00C04F79EFBC}") = "Arv", "Arv\Arv.csproj", "{B7345997-F808-4C38-882B-53E03ECBE486}"
EndProject
Global
	GlobalSection(SolutionConfigurationPlatforms) = preSolution
		Debug|Any CPU = Debug|Any CPU
		Release|Any CPU = Release|Any CPU
	EndGlobalSection
	GlobalSection(ProjectConfigurationPlatforms) = postSolution
		{B7345997-F808-4C38-882B-53E03ECBE486}.Debug|Any CPU.ActiveCfg = Debug|Any CPU
		{B7345997-F808-4C38-882B-53E03ECBE486}.Debug|Any CPU.Build.0 = Debug|Any CPU
		{B7345997-F808-4C38-882B-53E03ECBE486}.Release|Any CPU.ActiveCfg = Release|Any CPU
		{B7345997-F808-4C38-882B-53E03ECBE486}.Release|Any CPU.Build.0 = Release|Any CPU
	EndGlobalSection
	GlobalSection(SolutionProperties) = preSolution
		HideSolutionNode = FALSE
	EndGlobalSection
	GlobalSection(ExtensibilityGlobals) = postSolution
		SolutionGuid = {2629AFC7-A51B-4AAA-932E-AC01520C7956}
	EndGlobalSection
EndGlobal
